// !$*UTF8*$!
{
	archiveVersion = 1;
	classes = {
	};
	objectVersion = 46;
	objects = {

/* Begin PBXBuildFile section */
		1104F22B1A7B88C1002AF5A1 /* main.m in Sources */ = {isa = PBXBuildFile; fileRef = 1104F22A1A7B88C1002AF5A1 /* main.m */; };
		1104F22E1A7B88C1002AF5A1 /* AppDelegate.m in Sources */ = {isa = PBXBuildFile; fileRef = 1104F22D1A7B88C1002AF5A1 /* AppDelegate.m */; };
		1104F2311A7B88C1002AF5A1 /* TTTaskViewController.m in Sources */ = {isa = PBXBuildFile; fileRef = 1104F2301A7B88C1002AF5A1 /* TTTaskViewController.m */; };
		1104F2341A7B88C1002AF5A1 /* Main.storyboard in Resources */ = {isa = PBXBuildFile; fileRef = 1104F2321A7B88C1002AF5A1 /* Main.storyboard */; };
		1104F2361A7B88C1002AF5A1 /* Images.xcassets in Resources */ = {isa = PBXBuildFile; fileRef = 1104F2351A7B88C1002AF5A1 /* Images.xcassets */; };
		1104F2391A7B88C1002AF5A1 /* LaunchScreen.xib in Resources */ = {isa = PBXBuildFile; fileRef = 1104F2371A7B88C1002AF5A1 /* LaunchScreen.xib */; };
		1104F2501A7F2B2B002AF5A1 /* NewTaskViewController.m in Sources */ = {isa = PBXBuildFile; fileRef = 1104F24F1A7F2B2B002AF5A1 /* NewTaskViewController.m */; };
		1104F2531A7FE8D5002AF5A1 /* TTTask.m in Sources */ = {isa = PBXBuildFile; fileRef = 1104F2521A7FE8D5002AF5A1 /* TTTask.m */; };
		1104F2561A800085002AF5A1 /* TTTaskCell.m in Sources */ = {isa = PBXBuildFile; fileRef = 1104F2551A800085002AF5A1 /* TTTaskCell.m */; };
		1104F25C1A8014AC002AF5A1 /* TTTaskManager.m in Sources */ = {isa = PBXBuildFile; fileRef = 1104F25B1A8014AC002AF5A1 /* TTTaskManager.m */; };
/* End PBXBuildFile section */

/* Begin PBXFileReference section */
		1104F2251A7B88C1002AF5A1 /* TaskTrack.app */ = {isa = PBXFileReference; explicitFileType = wrapper.application; includeInIndex = 0; path = TaskTrack.app; sourceTree = BUILT_PRODUCTS_DIR; };
		1104F2291A7B88C1002AF5A1 /* Info.plist */ = {isa = PBXFileReference; lastKnownFileType = text.plist.xml; path = Info.plist; sourceTree = "<group>"; };
		1104F22A1A7B88C1002AF5A1 /* main.m */ = {isa = PBXFileReference; lastKnownFileType = sourcecode.c.objc; path = main.m; sourceTree = "<group>"; };
		1104F22C1A7B88C1002AF5A1 /* AppDelegate.h */ = {isa = PBXFileReference; lastKnownFileType = sourcecode.c.h; path = AppDelegate.h; sourceTree = "<group>"; };
		1104F22D1A7B88C1002AF5A1 /* AppDelegate.m */ = {isa = PBXFileReference; lastKnownFileType = sourcecode.c.objc; path = AppDelegate.m; sourceTree = "<group>"; };
		1104F22F1A7B88C1002AF5A1 /* TTTaskViewController.h */ = {isa = PBXFileReference; lastKnownFileType = sourcecode.c.h; path = TTTaskViewController.h; sourceTree = "<group>"; };
		1104F2301A7B88C1002AF5A1 /* TTTaskViewController.m */ = {isa = PBXFileReference; lastKnownFileType = sourcecode.c.objc; path = TTTaskViewController.m; sourceTree = "<group>"; };
		1104F2331A7B88C1002AF5A1 /* Base */ = {isa = PBXFileReference; lastKnownFileType = file.storyboard; name = Base; path = Base.lproj/Main.storyboard; sourceTree = "<group>"; };
		1104F2351A7B88C1002AF5A1 /* Images.xcassets */ = {isa = PBXFileReference; lastKnownFileType = folder.assetcatalog; path = Images.xcassets; sourceTree = "<group>"; };
		1104F2381A7B88C1002AF5A1 /* Base */ = {isa = PBXFileReference; lastKnownFileType = file.xib; name = Base; path = Base.lproj/LaunchScreen.xib; sourceTree = "<group>"; };
		1104F24E1A7F2B2B002AF5A1 /* NewTaskViewController.h */ = {isa = PBXFileReference; fileEncoding = 4; lastKnownFileType = sourcecode.c.h; path = NewTaskViewController.h; sourceTree = "<group>"; };
		1104F24F1A7F2B2B002AF5A1 /* NewTaskViewController.m */ = {isa = PBXFileReference; fileEncoding = 4; lastKnownFileType = sourcecode.c.objc; path = NewTaskViewController.m; sourceTree = "<group>"; wrapsLines = 0; };
		1104F2511A7FE8D5002AF5A1 /* TTTask.h */ = {isa = PBXFileReference; fileEncoding = 4; lastKnownFileType = sourcecode.c.h; path = TTTask.h; sourceTree = "<group>"; };
		1104F2521A7FE8D5002AF5A1 /* TTTask.m */ = {isa = PBXFileReference; fileEncoding = 4; lastKnownFileType = sourcecode.c.objc; path = TTTask.m; sourceTree = "<group>"; };
		1104F2541A800085002AF5A1 /* TTTaskCell.h */ = {isa = PBXFileReference; fileEncoding = 4; lastKnownFileType = sourcecode.c.h; path = TTTaskCell.h; sourceTree = "<group>"; };
		1104F2551A800085002AF5A1 /* TTTaskCell.m */ = {isa = PBXFileReference; fileEncoding = 4; lastKnownFileType = sourcecode.c.objc; path = TTTaskCell.m; sourceTree = "<group>"; };
		1104F25A1A8014AC002AF5A1 /* TTTaskManager.h */ = {isa = PBXFileReference; fileEncoding = 4; lastKnownFileType = sourcecode.c.h; path = TTTaskManager.h; sourceTree = "<group>"; };
		1104F25B1A8014AC002AF5A1 /* TTTaskManager.m */ = {isa = PBXFileReference; fileEncoding = 4; lastKnownFileType = sourcecode.c.objc; path = TTTaskManager.m; sourceTree = "<group>"; };
/* End PBXFileReference section */

/* Begin PBXFrameworksBuildPhase section */
		1104F2221A7B88C1002AF5A1 /* Frameworks */ = {
			isa = PBXFrameworksBuildPhase;
			buildActionMask = 2147483647;
			files = (
			);
			runOnlyForDeploymentPostprocessing = 0;
		};
/* End PBXFrameworksBuildPhase section */

/* Begin PBXGroup section */
		1104F21C1A7B88C1002AF5A1 = {
			isa = PBXGroup;
			children = (
				1104F2271A7B88C1002AF5A1 /* TaskTrack */,
				1104F2261A7B88C1002AF5A1 /* Products */,
			);
			sourceTree = "<group>";
		};
		1104F2261A7B88C1002AF5A1 /* Products */ = {
			isa = PBXGroup;
			children = (
				1104F2251A7B88C1002AF5A1 /* TaskTrack.app */,
			);
			name = Products;
			sourceTree = "<group>";
		};
		1104F2271A7B88C1002AF5A1 /* TaskTrack */ = {
			isa = PBXGroup;
			children = (
				1104F22C1A7B88C1002AF5A1 /* AppDelegate.h */,
				1104F22D1A7B88C1002AF5A1 /* AppDelegate.m */,
				1104F2351A7B88C1002AF5A1 /* Images.xcassets */,
				1104F2371A7B88C1002AF5A1 /* LaunchScreen.xib */,
				1104F2321A7B88C1002AF5A1 /* Main.storyboard */,
				1104F24E1A7F2B2B002AF5A1 /* NewTaskViewController.h */,
				1104F24F1A7F2B2B002AF5A1 /* NewTaskViewController.m */,
				1104F2511A7FE8D5002AF5A1 /* TTTask.h */,
				1104F2521A7FE8D5002AF5A1 /* TTTask.m */,
				1104F2541A800085002AF5A1 /* TTTaskCell.h */,
				1104F2551A800085002AF5A1 /* TTTaskCell.m */,
				1104F25A1A8014AC002AF5A1 /* TTTaskManager.h */,
				1104F25B1A8014AC002AF5A1 /* TTTaskManager.m */,
				1104F22F1A7B88C1002AF5A1 /* TTTaskViewController.h */,
				1104F2301A7B88C1002AF5A1 /* TTTaskViewController.m */,
				1104F2281A7B88C1002AF5A1 /* Supporting Files */,
			);
			path = TaskTrack;
			sourceTree = "<group>";
		};
		1104F2281A7B88C1002AF5A1 /* Supporting Files */ = {
			isa = PBXGroup;
			children = (
				1104F2291A7B88C1002AF5A1 /* Info.plist */,
				1104F22A1A7B88C1002AF5A1 /* main.m */,
			);
			name = "Supporting Files";
			sourceTree = "<group>";
		};
/* End PBXGroup section */

/* Begin PBXNativeTarget section */
		1104F2241A7B88C1002AF5A1 /* TaskTrack */ = {
			isa = PBXNativeTarget;
			buildConfigurationList = 1104F2481A7B88C1002AF5A1 /* Build configuration list for PBXNativeTarget "TaskTrack" */;
			buildPhases = (
				1104F2211A7B88C1002AF5A1 /* Sources */,
				1104F2221A7B88C1002AF5A1 /* Frameworks */,
				1104F2231A7B88C1002AF5A1 /* Resources */,
			);
			buildRules = (
			);
			dependencies = (
			);
			name = TaskTrack;
			productName = TaskTrack;
			productReference = 1104F2251A7B88C1002AF5A1 /* TaskTrack.app */;
			productType = "com.apple.product-type.application";
		};
/* End PBXNativeTarget section */

/* Begin PBXProject section */
		1104F21D1A7B88C1002AF5A1 /* Project object */ = {
			isa = PBXProject;
			attributes = {
				LastUpgradeCheck = 0610;
				ORGANIZATIONNAME = MarkLinington;
				TargetAttributes = {
					1104F2241A7B88C1002AF5A1 = {
						CreatedOnToolsVersion = 6.1.1;
					};
				};
			};
			buildConfigurationList = 1104F2201A7B88C1002AF5A1 /* Build configuration list for PBXProject "TaskTrack" */;
			compatibilityVersion = "Xcode 3.2";
			developmentRegion = English;
			hasScannedForEncodings = 0;
			knownRegions = (
				en,
				Base,
			);
			mainGroup = 1104F21C1A7B88C1002AF5A1;
			productRefGroup = 1104F2261A7B88C1002AF5A1 /* Products */;
			projectDirPath = "";
			projectRoot = "";
			targets = (
				1104F2241A7B88C1002AF5A1 /* TaskTrack */,
			);
		};
/* End PBXProject section */

/* Begin PBXResourcesBuildPhase section */
		1104F2231A7B88C1002AF5A1 /* Resources */ = {
			isa = PBXResourcesBuildPhase;
			buildActionMask = 2147483647;
			files = (
				1104F2341A7B88C1002AF5A1 /* Main.storyboard in Resources */,
				1104F2391A7B88C1002AF5A1 /* LaunchScreen.xib in Resources */,
				1104F2361A7B88C1002AF5A1 /* Images.xcassets in Resources */,
			);
			runOnlyForDeploymentPostprocessing = 0;
		};
/* End PBXResourcesBuildPhase section */

/* Begin PBXSourcesBuildPhase section */
		1104F2211A7B88C1002AF5A1 /* Sources */ = {
			isa = PBXSourcesBuildPhase;
			buildActionMask = 2147483647;
			files = (
				1104F25C1A8014AC002AF5A1 /* TTTaskManager.m in Sources */,
				1104F2311A7B88C1002AF5A1 /* TTTaskViewController.m in Sources */,
				1104F22E1A7B88C1002AF5A1 /* AppDelegate.m in Sources */,
				1104F2531A7FE8D5002AF5A1 /* TTTask.m in Sources */,
				1104F2501A7F2B2B002AF5A1 /* NewTaskViewController.m in Sources */,
				1104F2561A800085002AF5A1 /* TTTaskCell.m in Sources */,
				1104F22B1A7B88C1002AF5A1 /* main.m in Sources */,
			);
			runOnlyForDeploymentPostprocessing = 0;
		};
/* End PBXSourcesBuildPhase section */

/* Begin PBXVariantGroup section */
		1104F2321A7B88C1002AF5A1 /* Main.storyboard */ = {
			isa = PBXVariantGroup;
			children = (
				1104F2331A7B88C1002AF5A1 /* Base */,
			);
			name = Main.storyboard;
			sourceTree = "<group>";
		};
		1104F2371A7B88C1002AF5A1 /* LaunchScreen.xib */ = {
			isa = PBXVariantGroup;
			children = (
				1104F2381A7B88C1002AF5A1 /* Base */,
			);
			name = LaunchScreen.xib;
			sourceTree = "<group>";
		};
/* End PBXVariantGroup section */

/* Begin XCBuildConfiguration section */
		1104F2461A7B88C1002AF5A1 /* Debug */ = {
			isa = XCBuildConfiguration;
			buildSettings = {
				ALWAYS_SEARCH_USER_PATHS = NO;
				CLANG_CXX_LANGUAGE_STANDARD = "gnu++0x";
				CLANG_CXX_LIBRARY = "libc++";
				CLANG_ENABLE_MODULES = YES;
				CLANG_ENABLE_OBJC_ARC = YES;
				CLANG_WARN_BOOL_CONVERSION = YES;
				CLANG_WARN_CONSTANT_CONVERSION = YES;
				CLANG_WARN_DIRECT_OBJC_ISA_USAGE = YES_ERROR;
				CLANG_WARN_EMPTY_BODY = YES;
				CLANG_WARN_ENUM_CONVERSION = YES;
				CLANG_WARN_INT_CONVERSION = YES;
				CLANG_WARN_OBJC_ROOT_CLASS = YES_ERROR;
				CLANG_WARN_UNREACHABLE_CODE = YES;
				CLANG_WARN__DUPLICATE_METHOD_MATCH = YES;
				"CODE_SIGN_IDENTITY[sdk=iphoneos*]" = "iPhone Developer";
				COPY_PHASE_STRIP = NO;
				ENABLE_STRICT_OBJC_MSGSEND = YES;
				GCC_C_LANGUAGE_STANDARD = gnu99;
				GCC_DYNAMIC_NO_PIC = NO;
				GCC_OPTIMIZATION_LEVEL = 0;
				GCC_PREPROCESSOR_DEFINITIONS = (
					"DEBUG=1",
					"$(inherited)",
				);
				GCC_SYMBOLS_PRIVATE_EXTERN = NO;
				GCC_WARN_64_TO_32_BIT_CONVERSION = YES;
				GCC_WARN_ABOUT_RETURN_TYPE = YES_ERROR;
				GCC_WARN_UNDECLARED_SELECTOR = YES;
				GCC_WARN_UNINITIALIZED_AUTOS = YES_AGGRESSIVE;
				GCC_WARN_UNUSED_FUNCTION = YES;
				GCC_WARN_UNUSED_VARIABLE = YES;
				IPHONEOS_DEPLOYMENT_TARGET = 8.1;
				MTL_ENABLE_DEBUG_INFO = YES;
				ONLY_ACTIVE_ARCH = YES;
				SDKROOT = iphoneos;
				TARGETED_DEVICE_FAMILY = "1,2";
			};
			name = Debug;
		};
		1104F2471A7B88C1002AF5A1 /* Release */ = {
			isa = XCBuildConfiguration;
			buildSettings = {
				ALWAYS_SEARCH_USER_PATHS = NO;
				CLANG_CXX_LANGUAGE_STANDARD = "gnu++0x";
				CLANG_CXX_LIBRARY = "libc++";
				CLANG_ENABLE_MODULES = YES;
				CLANG_ENABLE_OBJC_ARC = YES;
				CLANG_WARN_BOOL_CONVERSION = YES;
				CLANG_WARN_CONSTANT_CONVERSION = YES;
				CLANG_WARN_DIRECT_OBJC_ISA_USAGE = YES_ERROR;
				CLANG_WARN_EMPTY_BODY = YES;
				CLANG_WARN_ENUM_CONVERSION = YES;
				CLANG_WARN_INT_CONVERSION = YES;
				CLANG_WARN_OBJC_ROOT_CLASS = YES_ERROR;
				CLANG_WARN_UNREACHABLE_CODE = YES;
				CLANG_WARN__DUPLICATE_METHOD_MATCH = YES;
				"CODE_SIGN_IDENTITY[sdk=iphoneos*]" = "iPhone Developer";
				COPY_PHASE_STRIP = YES;
				ENABLE_NS_ASSERTIONS = NO;
				ENABLE_STRICT_OBJC_MSGSEND = YES;
				GCC_C_LANGUAGE_STANDARD = gnu99;
				GCC_WARN_64_TO_32_BIT_CONVERSION = YES;
				GCC_WARN_ABOUT_RETURN_TYPE = YES_ERROR;
				GCC_WARN_UNDECLARED_SELECTOR = YES;
				GCC_WARN_UNINITIALIZED_AUTOS = YES_AGGRESSIVE;
				GCC_WARN_UNUSED_FUNCTION = YES;
				GCC_WARN_UNUSED_VARIABLE = YES;
				IPHONEOS_DEPLOYMENT_TARGET = 8.1;
				MTL_ENABLE_DEBUG_INFO = NO;
				SDKROOT = iphoneos;
				TARGETED_DEVICE_FAMILY = "1,2";
				VALIDATE_PRODUCT = YES;
			};
			name = Release;
		};
		1104F2491A7B88C1002AF5A1 /* Debug */ = {
			isa = XCBuildConfiguration;
			buildSettings = {
				ASSETCATALOG_COMPILER_APPICON_NAME = AppIcon;
				INFOPLIST_FILE = TaskTrack/Info.plist;
				LD_RUNPATH_SEARCH_PATHS = "$(inherited) @executable_path/Frameworks";
				PRODUCT_NAME = "$(TARGET_NAME)";
			};
			name = Debug;
		};
		1104F24A1A7B88C1002AF5A1 /* Release */ = {
			isa = XCBuildConfiguration;
			buildSettings = {
				ASSETCATALOG_COMPILER_APPICON_NAME = AppIcon;
				INFOPLIST_FILE = TaskTrack/Info.plist;
				LD_RUNPATH_SEARCH_PATHS = "$(inherited) @executable_path/Frameworks";
				PRODUCT_NAME = "$(TARGET_NAME)";
			};
			name = Release;
		};
/* End XCBuildConfiguration section */

/* Begin XCConfigurationList section */
		1104F2201A7B88C1002AF5A1 /* Build configuration list for PBXProject "TaskTrack" */ = {
			isa = XCConfigurationList;
			buildConfigurations = (
				1104F2461A7B88C1002AF5A1 /* Debug */,
				1104F2471A7B88C1002AF5A1 /* Release */,
			);
			defaultConfigurationIsVisible = 0;
			defaultConfigurationName = Release;
		};
		1104F2481A7B88C1002AF5A1 /* Build configuration list for PBXNativeTarget "TaskTrack" */ = {
			isa = XCConfigurationList;
			buildConfigurations = (
				1104F2491A7B88C1002AF5A1 /* Debug */,
				1104F24A1A7B88C1002AF5A1 /* Release */,
			);
			defaultConfigurationIsVisible = 0;
		};
/* End XCConfigurationList section */
	};
	rootObject = 1104F21D1A7B88C1002AF5A1 /* Project object */;
}
