// !$*UTF8*$!
{
	archiveVersion = 1;
	classes = {
	};
	objectVersion = 46;
	objects = {

/* Begin PBXBuildFile section */
		1167C0DF1A7B87760007DF81 /* main.m in Sources */ = {isa = PBXBuildFile; fileRef = 1167C0DE1A7B87760007DF81 /* main.m */; };
		1167C0E21A7B87760007DF81 /* AppDelegate.m in Sources */ = {isa = PBXBuildFile; fileRef = 1167C0E11A7B87760007DF81 /* AppDelegate.m */; };
		1167C0E51A7B87760007DF81 /* RootViewController.m in Sources */ = {isa = PBXBuildFile; fileRef = 1167C0E41A7B87760007DF81 /* RootViewController.m */; };
		1167C0E81A7B87760007DF81 /* DataViewController.m in Sources */ = {isa = PBXBuildFile; fileRef = 1167C0E71A7B87760007DF81 /* DataViewController.m */; };
		1167C0EB1A7B87760007DF81 /* ModelController.m in Sources */ = {isa = PBXBuildFile; fileRef = 1167C0EA1A7B87760007DF81 /* ModelController.m */; };
		1167C0EE1A7B87760007DF81 /* Main.storyboard in Resources */ = {isa = PBXBuildFile; fileRef = 1167C0EC1A7B87760007DF81 /* Main.storyboard */; };
		1167C0F01A7B87760007DF81 /* Images.xcassets in Resources */ = {isa = PBXBuildFile; fileRef = 1167C0EF1A7B87760007DF81 /* Images.xcassets */; };
		1167C0F31A7B87760007DF81 /* LaunchScreen.xib in Resources */ = {isa = PBXBuildFile; fileRef = 1167C0F11A7B87760007DF81 /* LaunchScreen.xib */; };
		1167C0FF1A7B87760007DF81 /* TaskTrackTests.m in Sources */ = {isa = PBXBuildFile; fileRef = 1167C0FE1A7B87760007DF81 /* TaskTrackTests.m */; };
/* End PBXBuildFile section */

/* Begin PBXContainerItemProxy section */
		1167C0F91A7B87760007DF81 /* PBXContainerItemProxy */ = {
			isa = PBXContainerItemProxy;
			containerPortal = 1167C0D11A7B87760007DF81 /* Project object */;
			proxyType = 1;
			remoteGlobalIDString = 1167C0D81A7B87760007DF81;
			remoteInfo = TaskTrack;
		};
/* End PBXContainerItemProxy section */

/* Begin PBXFileReference section */
		1167C0D91A7B87760007DF81 /* TaskTrack.app */ = {isa = PBXFileReference; explicitFileType = wrapper.application; includeInIndex = 0; path = TaskTrack.app; sourceTree = BUILT_PRODUCTS_DIR; };
		1167C0DD1A7B87760007DF81 /* Info.plist */ = {isa = PBXFileReference; lastKnownFileType = text.plist.xml; path = Info.plist; sourceTree = "<group>"; };
		1167C0DE1A7B87760007DF81 /* main.m */ = {isa = PBXFileReference; lastKnownFileType = sourcecode.c.objc; path = main.m; sourceTree = "<group>"; };
		1167C0E01A7B87760007DF81 /* AppDelegate.h */ = {isa = PBXFileReference; lastKnownFileType = sourcecode.c.h; path = AppDelegate.h; sourceTree = "<group>"; };
		1167C0E11A7B87760007DF81 /* AppDelegate.m */ = {isa = PBXFileReference; lastKnownFileType = sourcecode.c.objc; path = AppDelegate.m; sourceTree = "<group>"; };
		1167C0E31A7B87760007DF81 /* RootViewController.h */ = {isa = PBXFileReference; lastKnownFileType = sourcecode.c.h; path = RootViewController.h; sourceTree = "<group>"; };
		1167C0E41A7B87760007DF81 /* RootViewController.m */ = {isa = PBXFileReference; lastKnownFileType = sourcecode.c.objc; path = RootViewController.m; sourceTree = "<group>"; };
		1167C0E61A7B87760007DF81 /* DataViewController.h */ = {isa = PBXFileReference; lastKnownFileType = sourcecode.c.h; path = DataViewController.h; sourceTree = "<group>"; };
		1167C0E71A7B87760007DF81 /* DataViewController.m */ = {isa = PBXFileReference; lastKnownFileType = sourcecode.c.objc; path = DataViewController.m; sourceTree = "<group>"; };
		1167C0E91A7B87760007DF81 /* ModelController.h */ = {isa = PBXFileReference; lastKnownFileType = sourcecode.c.h; path = ModelController.h; sourceTree = "<group>"; };
		1167C0EA1A7B87760007DF81 /* ModelController.m */ = {isa = PBXFileReference; lastKnownFileType = sourcecode.c.objc; path = ModelController.m; sourceTree = "<group>"; };
		1167C0ED1A7B87760007DF81 /* Base */ = {isa = PBXFileReference; lastKnownFileType = file.storyboard; name = Base; path = Base.lproj/Main.storyboard; sourceTree = "<group>"; };
		1167C0EF1A7B87760007DF81 /* Images.xcassets */ = {isa = PBXFileReference; lastKnownFileType = folder.assetcatalog; path = Images.xcassets; sourceTree = "<group>"; };
		1167C0F21A7B87760007DF81 /* Base */ = {isa = PBXFileReference; lastKnownFileType = file.xib; name = Base; path = Base.lproj/LaunchScreen.xib; sourceTree = "<group>"; };
		1167C0F81A7B87760007DF81 /* TaskTrackTests.xctest */ = {isa = PBXFileReference; explicitFileType = wrapper.cfbundle; includeInIndex = 0; path = TaskTrackTests.xctest; sourceTree = BUILT_PRODUCTS_DIR; };
		1167C0FD1A7B87760007DF81 /* Info.plist */ = {isa = PBXFileReference; lastKnownFileType = text.plist.xml; path = Info.plist; sourceTree = "<group>"; };
		1167C0FE1A7B87760007DF81 /* TaskTrackTests.m */ = {isa = PBXFileReference; lastKnownFileType = sourcecode.c.objc; path = TaskTrackTests.m; sourceTree = "<group>"; };
/* End PBXFileReference section */

/* Begin PBXFrameworksBuildPhase section */
		1167C0D61A7B87760007DF81 /* Frameworks */ = {
			isa = PBXFrameworksBuildPhase;
			buildActionMask = 2147483647;
			files = (
			);
			runOnlyForDeploymentPostprocessing = 0;
		};
		1167C0F51A7B87760007DF81 /* Frameworks */ = {
			isa = PBXFrameworksBuildPhase;
			buildActionMask = 2147483647;
			files = (
			);
			runOnlyForDeploymentPostprocessing = 0;
		};
/* End PBXFrameworksBuildPhase section */

/* Begin PBXGroup section */
		1167C0D01A7B87750007DF81 = {
			isa = PBXGroup;
			children = (
				1167C0DB1A7B87760007DF81 /* TaskTrack */,
				1167C0FB1A7B87760007DF81 /* TaskTrackTests */,
				1167C0DA1A7B87760007DF81 /* Products */,
			);
			sourceTree = "<group>";
		};
		1167C0DA1A7B87760007DF81 /* Products */ = {
			isa = PBXGroup;
			children = (
				1167C0D91A7B87760007DF81 /* TaskTrack.app */,
				1167C0F81A7B87760007DF81 /* TaskTrackTests.xctest */,
			);
			name = Products;
			sourceTree = "<group>";
		};
		1167C0DB1A7B87760007DF81 /* TaskTrack */ = {
			isa = PBXGroup;
			children = (
				1167C0E01A7B87760007DF81 /* AppDelegate.h */,
				1167C0E11A7B87760007DF81 /* AppDelegate.m */,
				1167C0E31A7B87760007DF81 /* RootViewController.h */,
				1167C0E41A7B87760007DF81 /* RootViewController.m */,
				1167C0E61A7B87760007DF81 /* DataViewController.h */,
				1167C0E71A7B87760007DF81 /* DataViewController.m */,
				1167C0E91A7B87760007DF81 /* ModelController.h */,
				1167C0EA1A7B87760007DF81 /* ModelController.m */,
				1167C0EC1A7B87760007DF81 /* Main.storyboard */,
				1167C0EF1A7B87760007DF81 /* Images.xcassets */,
				1167C0F11A7B87760007DF81 /* LaunchScreen.xib */,
				1167C0DC1A7B87760007DF81 /* Supporting Files */,
			);
			path = TaskTrack;
			sourceTree = "<group>";
		};
		1167C0DC1A7B87760007DF81 /* Supporting Files */ = {
			isa = PBXGroup;
			children = (
				1167C0DD1A7B87760007DF81 /* Info.plist */,
				1167C0DE1A7B87760007DF81 /* main.m */,
			);
			name = "Supporting Files";
			sourceTree = "<group>";
		};
		1167C0FB1A7B87760007DF81 /* TaskTrackTests */ = {
			isa = PBXGroup;
			children = (
				1167C0FE1A7B87760007DF81 /* TaskTrackTests.m */,
				1167C0FC1A7B87760007DF81 /* Supporting Files */,
			);
			path = TaskTrackTests;
			sourceTree = "<group>";
		};
		1167C0FC1A7B87760007DF81 /* Supporting Files */ = {
			isa = PBXGroup;
			children = (
				1167C0FD1A7B87760007DF81 /* Info.plist */,
			);
			name = "Supporting Files";
			sourceTree = "<group>";
		};
/* End PBXGroup section */

/* Begin PBXNativeTarget section */
		1167C0D81A7B87760007DF81 /* TaskTrack */ = {
			isa = PBXNativeTarget;
			buildConfigurationList = 1167C1021A7B87760007DF81 /* Build configuration list for PBXNativeTarget "TaskTrack" */;
			buildPhases = (
				1167C0D51A7B87760007DF81 /* Sources */,
				1167C0D61A7B87760007DF81 /* Frameworks */,
				1167C0D71A7B87760007DF81 /* Resources */,
			);
			buildRules = (
			);
			dependencies = (
			);
			name = TaskTrack;
			productName = TaskTrack;
			productReference = 1167C0D91A7B87760007DF81 /* TaskTrack.app */;
			productType = "com.apple.product-type.application";
		};
		1167C0F71A7B87760007DF81 /* TaskTrackTests */ = {
			isa = PBXNativeTarget;
			buildConfigurationList = 1167C1051A7B87760007DF81 /* Build configuration list for PBXNativeTarget "TaskTrackTests" */;
			buildPhases = (
				1167C0F41A7B87760007DF81 /* Sources */,
				1167C0F51A7B87760007DF81 /* Frameworks */,
				1167C0F61A7B87760007DF81 /* Resources */,
			);
			buildRules = (
			);
			dependencies = (
				1167C0FA1A7B87760007DF81 /* PBXTargetDependency */,
			);
			name = TaskTrackTests;
			productName = TaskTrackTests;
			productReference = 1167C0F81A7B87760007DF81 /* TaskTrackTests.xctest */;
			productType = "com.apple.product-type.bundle.unit-test";
		};
/* End PBXNativeTarget section */

/* Begin PBXProject section */
		1167C0D11A7B87760007DF81 /* Project object */ = {
			isa = PBXProject;
			attributes = {
				LastUpgradeCheck = 0610;
				ORGANIZATIONNAME = MarkLinington;
				TargetAttributes = {
					1167C0D81A7B87760007DF81 = {
						CreatedOnToolsVersion = 6.1.1;
					};
					1167C0F71A7B87760007DF81 = {
						CreatedOnToolsVersion = 6.1.1;
						TestTargetID = 1167C0D81A7B87760007DF81;
					};
				};
			};
			buildConfigurationList = 1167C0D41A7B87760007DF81 /* Build configuration list for PBXProject "TaskTrack" */;
			compatibilityVersion = "Xcode 3.2";
			developmentRegion = English;
			hasScannedForEncodings = 0;
			knownRegions = (
				en,
				Base,
			);
			mainGroup = 1167C0D01A7B87750007DF81;
			productRefGroup = 1167C0DA1A7B87760007DF81 /* Products */;
			projectDirPath = "";
			projectRoot = "";
			targets = (
				1167C0D81A7B87760007DF81 /* TaskTrack */,
				1167C0F71A7B87760007DF81 /* TaskTrackTests */,
			);
		};
/* End PBXProject section */

/* Begin PBXResourcesBuildPhase section */
		1167C0D71A7B87760007DF81 /* Resources */ = {
			isa = PBXResourcesBuildPhase;
			buildActionMask = 2147483647;
			files = (
				1167C0EE1A7B87760007DF81 /* Main.storyboard in Resources */,
				1167C0F31A7B87760007DF81 /* LaunchScreen.xib in Resources */,
				1167C0F01A7B87760007DF81 /* Images.xcassets in Resources */,
			);
			runOnlyForDeploymentPostprocessing = 0;
		};
		1167C0F61A7B87760007DF81 /* Resources */ = {
			isa = PBXResourcesBuildPhase;
			buildActionMask = 2147483647;
			files = (
			);
			runOnlyForDeploymentPostprocessing = 0;
		};
/* End PBXResourcesBuildPhase section */

/* Begin PBXSourcesBuildPhase section */
		1167C0D51A7B87760007DF81 /* Sources */ = {
			isa = PBXSourcesBuildPhase;
			buildActionMask = 2147483647;
			files = (
				1167C0E81A7B87760007DF81 /* DataViewController.m in Sources */,
				1167C0E21A7B87760007DF81 /* AppDelegate.m in Sources */,
				1167C0EB1A7B87760007DF81 /* ModelController.m in Sources */,
				1167C0DF1A7B87760007DF81 /* main.m in Sources */,
				1167C0E51A7B87760007DF81 /* RootViewController.m in Sources */,
			);
			runOnlyForDeploymentPostprocessing = 0;
		};
		1167C0F41A7B87760007DF81 /* Sources */ = {
			isa = PBXSourcesBuildPhase;
			buildActionMask = 2147483647;
			files = (
				1167C0FF1A7B87760007DF81 /* TaskTrackTests.m in Sources */,
			);
			runOnlyForDeploymentPostprocessing = 0;
		};
/* End PBXSourcesBuildPhase section */

/* Begin PBXTargetDependency section */
		1167C0FA1A7B87760007DF81 /* PBXTargetDependency */ = {
			isa = PBXTargetDependency;
			target = 1167C0D81A7B87760007DF81 /* TaskTrack */;
			targetProxy = 1167C0F91A7B87760007DF81 /* PBXContainerItemProxy */;
		};
/* End PBXTargetDependency section */

/* Begin PBXVariantGroup section */
		1167C0EC1A7B87760007DF81 /* Main.storyboard */ = {
			isa = PBXVariantGroup;
			children = (
				1167C0ED1A7B87760007DF81 /* Base */,
			);
			name = Main.storyboard;
			sourceTree = "<group>";
		};
		1167C0F11A7B87760007DF81 /* LaunchScreen.xib */ = {
			isa = PBXVariantGroup;
			children = (
				1167C0F21A7B87760007DF81 /* Base */,
			);
			name = LaunchScreen.xib;
			sourceTree = "<group>";
		};
/* End PBXVariantGroup section */

/* Begin XCBuildConfiguration section */
		1167C1001A7B87760007DF81 /* Debug */ = {
			isa = XCBuildConfiguration;
			buildSettings = {
				ALWAYS_SEARCH_USER_PATHS = NO;
				CLANG_CXX_LANGUAGE_STANDARD = "gnu++0x";
				CLANG_CXX_LIBRARY = "libc++";
				CLANG_ENABLE_MODULES = YES;
				CLANG_ENABLE_OBJC_ARC = YES;
				CLANG_WARN_BOOL_CONVERSION = YES;
				CLANG_WARN_CONSTANT_CONVERSION = YES;
				CLANG_WARN_DIRECT_OBJC_ISA_USAGE = YES_ERROR;
				CLANG_WARN_EMPTY_BODY = YES;
				CLANG_WARN_ENUM_CONVERSION = YES;
				CLANG_WARN_INT_CONVERSION = YES;
				CLANG_WARN_OBJC_ROOT_CLASS = YES_ERROR;
				CLANG_WARN_UNREACHABLE_CODE = YES;
				CLANG_WARN__DUPLICATE_METHOD_MATCH = YES;
				"CODE_SIGN_IDENTITY[sdk=iphoneos*]" = "iPhone Developer";
				COPY_PHASE_STRIP = NO;
				ENABLE_STRICT_OBJC_MSGSEND = YES;
				GCC_C_LANGUAGE_STANDARD = gnu99;
				GCC_DYNAMIC_NO_PIC = NO;
				GCC_OPTIMIZATION_LEVEL = 0;
				GCC_PREPROCESSOR_DEFINITIONS = (
					"DEBUG=1",
					"$(inherited)",
				);
				GCC_SYMBOLS_PRIVATE_EXTERN = NO;
				GCC_WARN_64_TO_32_BIT_CONVERSION = YES;
				GCC_WARN_ABOUT_RETURN_TYPE = YES_ERROR;
				GCC_WARN_UNDECLARED_SELECTOR = YES;
				GCC_WARN_UNINITIALIZED_AUTOS = YES_AGGRESSIVE;
				GCC_WARN_UNUSED_FUNCTION = YES;
				GCC_WARN_UNUSED_VARIABLE = YES;
				IPHONEOS_DEPLOYMENT_TARGET = 8.1;
				MTL_ENABLE_DEBUG_INFO = YES;
				ONLY_ACTIVE_ARCH = YES;
				SDKROOT = iphoneos;
				TARGETED_DEVICE_FAMILY = "1,2";
			};
			name = Debug;
		};
		1167C1011A7B87760007DF81 /* Release */ = {
			isa = XCBuildConfiguration;
			buildSettings = {
				ALWAYS_SEARCH_USER_PATHS = NO;
				CLANG_CXX_LANGUAGE_STANDARD = "gnu++0x";
				CLANG_CXX_LIBRARY = "libc++";
				CLANG_ENABLE_MODULES = YES;
				CLANG_ENABLE_OBJC_ARC = YES;
				CLANG_WARN_BOOL_CONVERSION = YES;
				CLANG_WARN_CONSTANT_CONVERSION = YES;
				CLANG_WARN_DIRECT_OBJC_ISA_USAGE = YES_ERROR;
				CLANG_WARN_EMPTY_BODY = YES;
				CLANG_WARN_ENUM_CONVERSION = YES;
				CLANG_WARN_INT_CONVERSION = YES;
				CLANG_WARN_OBJC_ROOT_CLASS = YES_ERROR;
				CLANG_WARN_UNREACHABLE_CODE = YES;
				CLANG_WARN__DUPLICATE_METHOD_MATCH = YES;
				"CODE_SIGN_IDENTITY[sdk=iphoneos*]" = "iPhone Developer";
				COPY_PHASE_STRIP = YES;
				ENABLE_NS_ASSERTIONS = NO;
				ENABLE_STRICT_OBJC_MSGSEND = YES;
				GCC_C_LANGUAGE_STANDARD = gnu99;
				GCC_WARN_64_TO_32_BIT_CONVERSION = YES;
				GCC_WARN_ABOUT_RETURN_TYPE = YES_ERROR;
				GCC_WARN_UNDECLARED_SELECTOR = YES;
				GCC_WARN_UNINITIALIZED_AUTOS = YES_AGGRESSIVE;
				GCC_WARN_UNUSED_FUNCTION = YES;
				GCC_WARN_UNUSED_VARIABLE = YES;
				IPHONEOS_DEPLOYMENT_TARGET = 8.1;
				MTL_ENABLE_DEBUG_INFO = NO;
				SDKROOT = iphoneos;
				TARGETED_DEVICE_FAMILY = "1,2";
				VALIDATE_PRODUCT = YES;
			};
			name = Release;
		};
		1167C1031A7B87760007DF81 /* Debug */ = {
			isa = XCBuildConfiguration;
			buildSettings = {
				ASSETCATALOG_COMPILER_APPICON_NAME = AppIcon;
				INFOPLIST_FILE = TaskTrack/Info.plist;
				LD_RUNPATH_SEARCH_PATHS = "$(inherited) @executable_path/Frameworks";
				PRODUCT_NAME = "$(TARGET_NAME)";
			};
			name = Debug;
		};
		1167C1041A7B87760007DF81 /* Release */ = {
			isa = XCBuildConfiguration;
			buildSettings = {
				ASSETCATALOG_COMPILER_APPICON_NAME = AppIcon;
				INFOPLIST_FILE = TaskTrack/Info.plist;
				LD_RUNPATH_SEARCH_PATHS = "$(inherited) @executable_path/Frameworks";
				PRODUCT_NAME = "$(TARGET_NAME)";
			};
			name = Release;
		};
		1167C1061A7B87760007DF81 /* Debug */ = {
			isa = XCBuildConfiguration;
			buildSettings = {
				BUNDLE_LOADER = "$(TEST_HOST)";
				FRAMEWORK_SEARCH_PATHS = (
					"$(SDKROOT)/Developer/Library/Frameworks",
					"$(inherited)",
				);
				GCC_PREPROCESSOR_DEFINITIONS = (
					"DEBUG=1",
					"$(inherited)",
				);
				INFOPLIST_FILE = TaskTrackTests/Info.plist;
				LD_RUNPATH_SEARCH_PATHS = "$(inherited) @executable_path/Frameworks @loader_path/Frameworks";
				PRODUCT_NAME = "$(TARGET_NAME)";
				TEST_HOST = "$(BUILT_PRODUCTS_DIR)/TaskTrack.app/TaskTrack";
			};
			name = Debug;
		};
		1167C1071A7B87760007DF81 /* Release */ = {
			isa = XCBuildConfiguration;
			buildSettings = {
				BUNDLE_LOADER = "$(TEST_HOST)";
				FRAMEWORK_SEARCH_PATHS = (
					"$(SDKROOT)/Developer/Library/Frameworks",
					"$(inherited)",
				);
				INFOPLIST_FILE = TaskTrackTests/Info.plist;
				LD_RUNPATH_SEARCH_PATHS = "$(inherited) @executable_path/Frameworks @loader_path/Frameworks";
				PRODUCT_NAME = "$(TARGET_NAME)";
				TEST_HOST = "$(BUILT_PRODUCTS_DIR)/TaskTrack.app/TaskTrack";
			};
			name = Release;
		};
/* End XCBuildConfiguration section */

/* Begin XCConfigurationList section */
		1167C0D41A7B87760007DF81 /* Build configuration list for PBXProject "TaskTrack" */ = {
			isa = XCConfigurationList;
			buildConfigurations = (
				1167C1001A7B87760007DF81 /* Debug */,
				1167C1011A7B87760007DF81 /* Release */,
			);
			defaultConfigurationIsVisible = 0;
			defaultConfigurationName = Release;
		};
		1167C1021A7B87760007DF81 /* Build configuration list for PBXNativeTarget "TaskTrack" */ = {
			isa = XCConfigurationList;
			buildConfigurations = (
				1167C1031A7B87760007DF81 /* Debug */,
				1167C1041A7B87760007DF81 /* Release */,
			);
			defaultConfigurationIsVisible = 0;
		};
		1167C1051A7B87760007DF81 /* Build configuration list for PBXNativeTarget "TaskTrackTests" */ = {
			isa = XCConfigurationList;
			buildConfigurations = (
				1167C1061A7B87760007DF81 /* Debug */,
				1167C1071A7B87760007DF81 /* Release */,
			);
			defaultConfigurationIsVisible = 0;
		};
/* End XCConfigurationList section */
	};
	rootObject = 1167C0D11A7B87760007DF81 /* Project object */;
}
